
Microsoft Visual Studio Solution File, Format Version 12.00
# Visual Studio 14
VisualStudioVersion = 14.0.25420.1
MinimumVisualStudioVersion = 10.0.40219.1
Project("{8BC9CEB8-8B4A-11D0-8D11-00A0C91BC942}") = "Project1", "Project1\Project1.vcxproj", "{6F4CB23E-2B4D-446B-B02C-CB051C5FC5D2}"
EndProject
Project("{8BC9CEB8-8B4A-11D0-8D11-00A0C91BC942}") = "Project2", "Project2\Project2.vcxproj", "{9ACA69AC-C87B-4A99-BB64-0FABA595C017}"
EndProject
Project("{8BC9CEB8-8B4A-11D0-8D11-00A0C91BC942}") = "Project3", "Project3\Project3.vcxproj", "{8BA62045-1C4F-4ED2-990B-F4B6C43985EB}"
EndProject
Project("{8BC9CEB8-8B4A-11D0-8D11-00A0C91BC942}") = "Project4", "Project4\Project4.vcxproj", "{11AF58C2-6A74-45E0-8CE2-B25AD7602D01}"
EndProject
Project("{8BC9CEB8-8B4A-11D0-8D11-00A0C91BC942}") = "Project5", "Project5\Project5.vcxproj", "{5F899D09-F1C2-493B-B1AB-B368C0313DDB}"
EndProject
Project("{8BC9CEB8-8B4A-11D0-8D11-00A0C91BC942}") = "Project6", "Project6\Project6.vcxproj", "{0C138C8C-F977-4784-A3CC-4753C89FCDB1}"
EndProject
Global
	GlobalSection(SolutionConfigurationPlatforms) = preSolution
		Debug|x64 = Debug|x64
		Debug|x86 = Debug|x86
		Release|x64 = Release|x64
		Release|x86 = Release|x86
	EndGlobalSection
	GlobalSection(ProjectConfigurationPlatforms) = postSolution
		{6F4CB23E-2B4D-446B-B02C-CB051C5FC5D2}.Debug|x64.ActiveCfg = Debug|x64
		{6F4CB23E-2B4D-446B-B02C-CB051C5FC5D2}.Debug|x64.Build.0 = Debug|x64
		{6F4CB23E-2B4D-446B-B02C-CB051C5FC5D2}.Debug|x86.ActiveCfg = Debug|Win32
		{6F4CB23E-2B4D-446B-B02C-CB051C5FC5D2}.Debug|x86.Build.0 = Debug|Win32
		{6F4CB23E-2B4D-446B-B02C-CB051C5FC5D2}.Release|x64.ActiveCfg = Release|x64
		{6F4CB23E-2B4D-446B-B02C-CB051C5FC5D2}.Release|x64.Build.0 = Release|x64
		{6F4CB23E-2B4D-446B-B02C-CB051C5FC5D2}.Release|x86.ActiveCfg = Release|Win32
		{6F4CB23E-2B4D-446B-B02C-CB051C5FC5D2}.Release|x86.Build.0 = Release|Win32
		{9ACA69AC-C87B-4A99-BB64-0FABA595C017}.Debug|x64.ActiveCfg = Debug|x64
		{9ACA69AC-C87B-4A99-BB64-0FABA595C017}.Debug|x64.Build.0 = Debug|x64
		{9ACA69AC-C87B-4A99-BB64-0FABA595C017}.Debug|x86.ActiveCfg = Debug|Win32
		{9ACA69AC-C87B-4A99-BB64-0FABA595C017}.Debug|x86.Build.0 = Debug|Win32
		{9ACA69AC-C87B-4A99-BB64-0FABA595C017}.Release|x64.ActiveCfg = Release|x64
		{9ACA69AC-C87B-4A99-BB64-0FABA595C017}.Release|x64.Build.0 = Release|x64
		{9ACA69AC-C87B-4A99-BB64-0FABA595C017}.Release|x86.ActiveCfg = Release|Win32
		{9ACA69AC-C87B-4A99-BB64-0FABA595C017}.Release|x86.Build.0 = Release|Win32
		{8BA62045-1C4F-4ED2-990B-F4B6C43985EB}.Debug|x64.ActiveCfg = Debug|x64
		{8BA62045-1C4F-4ED2-990B-F4B6C43985EB}.Debug|x64.Build.0 = Debug|x64
		{8BA62045-1C4F-4ED2-990B-F4B6C43985EB}.Debug|x86.ActiveCfg = Debug|Win32
		{8BA62045-1C4F-4ED2-990B-F4B6C43985EB}.Debug|x86.Build.0 = Debug|Win32
		{8BA62045-1C4F-4ED2-990B-F4B6C43985EB}.Release|x64.ActiveCfg = Release|x64
		{8BA62045-1C4F-4ED2-990B-F4B6C43985EB}.Release|x64.Build.0 = Release|x64
		{8BA62045-1C4F-4ED2-990B-F4B6C43985EB}.Release|x86.ActiveCfg = Release|Win32
		{8BA62045-1C4F-4ED2-990B-F4B6C43985EB}.Release|x86.Build.0 = Release|Win32
		{11AF58C2-6A74-45E0-8CE2-B25AD7602D01}.Debug|x64.ActiveCfg = Debug|x64
		{11AF58C2-6A74-45E0-8CE2-B25AD7602D01}.Debug|x64.Build.0 = Debug|x64
		{11AF58C2-6A74-45E0-8CE2-B25AD7602D01}.Debug|x86.ActiveCfg = Debug|Win32
		{11AF58C2-6A74-45E0-8CE2-B25AD7602D01}.Debug|x86.Build.0 = Debug|Win32
		{11AF58C2-6A74-45E0-8CE2-B25AD7602D01}.Release|x64.ActiveCfg = Release|x64
		{11AF58C2-6A74-45E0-8CE2-B25AD7602D01}.Release|x64.Build.0 = Release|x64
		{11AF58C2-6A74-45E0-8CE2-B25AD7602D01}.Release|x86.ActiveCfg = Release|Win32
		{11AF58C2-6A74-45E0-8CE2-B25AD7602D01}.Release|x86.Build.0 = Release|Win32
		{5F899D09-F1C2-493B-B1AB-B368C0313DDB}.Debug|x64.ActiveCfg = Debug|x64
		{5F899D09-F1C2-493B-B1AB-B368C0313DDB}.Debug|x64.Build.0 = Debug|x64
		{5F899D09-F1C2-493B-B1AB-B368C0313DDB}.Debug|x86.ActiveCfg = Debug|Win32
		{5F899D09-F1C2-493B-B1AB-B368C0313DDB}.Debug|x86.Build.0 = Debug|Win32
		{5F899D09-F1C2-493B-B1AB-B368C0313DDB}.Release|x64.ActiveCfg = Release|x64
		{5F899D09-F1C2-493B-B1AB-B368C0313DDB}.Release|x64.Build.0 = Release|x64
		{5F899D09-F1C2-493B-B1AB-B368C0313DDB}.Release|x86.ActiveCfg = Release|Win32
		{5F899D09-F1C2-493B-B1AB-B368C0313DDB}.Release|x86.Build.0 = Release|Win32
		{0C138C8C-F977-4784-A3CC-4753C89FCDB1}.Debug|x64.ActiveCfg = Debug|x64
		{0C138C8C-F977-4784-A3CC-4753C89FCDB1}.Debug|x64.Build.0 = Debug|x64
		{0C138C8C-F977-4784-A3CC-4753C89FCDB1}.Debug|x86.ActiveCfg = Debug|Win32
		{0C138C8C-F977-4784-A3CC-4753C89FCDB1}.Debug|x86.Build.0 = Debug|Win32
		{0C138C8C-F977-4784-A3CC-4753C89FCDB1}.Release|x64.ActiveCfg = Release|x64
		{0C138C8C-F977-4784-A3CC-4753C89FCDB1}.Release|x64.Build.0 = Release|x64
		{0C138C8C-F977-4784-A3CC-4753C89FCDB1}.Release|x86.ActiveCfg = Release|Win32
		{0C138C8C-F977-4784-A3CC-4753C89FCDB1}.Release|x86.Build.0 = Release|Win32
	EndGlobalSection
	GlobalSection(SolutionProperties) = preSolution
		HideSolutionNode = FALSE
	EndGlobalSection
EndGlobal
