
Microsoft Visual Studio Solution File, Format Version 12.00
# Visual Studio Version 16
VisualStudioVersion = 16.0.31624.102
MinimumVisualStudioVersion = 10.0.40219.1
Project("{8BC9CEB8-8B4A-11D0-8D11-00A0C91BC942}") = "Project2", "..\..\..\проекты\programming-c-rus-2021-2022\Project2\Project2.vcxproj", "{A9E9B6F8-014A-4481-B26F-3A0F1A3C3B86}"
EndProject
Global
	GlobalSection(SolutionConfigurationPlatforms) = preSolution
		Debug|x64 = Debug|x64
		Debug|x86 = Debug|x86
		Release|x64 = Release|x64
		Release|x86 = Release|x86
	EndGlobalSection
	GlobalSection(ProjectConfigurationPlatforms) = postSolution
		{A9E9B6F8-014A-4481-B26F-3A0F1A3C3B86}.Debug|x64.ActiveCfg = Debug|x64
		{A9E9B6F8-014A-4481-B26F-3A0F1A3C3B86}.Debug|x64.Build.0 = Debug|x64
		{A9E9B6F8-014A-4481-B26F-3A0F1A3C3B86}.Debug|x86.ActiveCfg = Debug|Win32
		{A9E9B6F8-014A-4481-B26F-3A0F1A3C3B86}.Debug|x86.Build.0 = Debug|Win32
		{A9E9B6F8-014A-4481-B26F-3A0F1A3C3B86}.Release|x64.ActiveCfg = Release|x64
		{A9E9B6F8-014A-4481-B26F-3A0F1A3C3B86}.Release|x64.Build.0 = Release|x64
		{A9E9B6F8-014A-4481-B26F-3A0F1A3C3B86}.Release|x86.ActiveCfg = Release|Win32
		{A9E9B6F8-014A-4481-B26F-3A0F1A3C3B86}.Release|x86.Build.0 = Release|Win32
	EndGlobalSection
	GlobalSection(SolutionProperties) = preSolution
		HideSolutionNode = FALSE
	EndGlobalSection
	GlobalSection(ExtensibilityGlobals) = postSolution
		SolutionGuid = {2629E2F7-5D1B-4258-B894-96FE04A5085E}
	EndGlobalSection
EndGlobal
